
Microsoft Visual Studio Solution File, Format Version 12.00
# Visual Studio 14
VisualStudioVersion = 14.0.25420.1
MinimumVisualStudioVersion = 10.0.40219.1
Project("{2150E333-8FDC-42A3-9474-1A3956D46DE8}") = "src", "src", "{736020D2-39F6-4FF4-837D-85AB7CF851AF}"
EndProject
Project("{2150E333-8FDC-42A3-9474-1A3956D46DE8}") = "Solution Items", "Solution Items", "{4E70ACCF-7CA5-4AF4-87C8-C0946A9DF765}"
	ProjectSection(SolutionItems) = preProject
		global.json = global.json
	EndProjectSection
EndProject
Project("{8BB2217D-0F2D-49D1-97BC-3654ED321F3B}") = "FrankfurtMQ", "src\FrankfurtMQ\FrankfurtMQ.xproj", "{69E006EB-1DB9-4BC5-83BD-2572E63BCB16}"
EndProject
Project("{2150E333-8FDC-42A3-9474-1A3956D46DE8}") = "TestHive", "TestHive", "{A509AFC9-41D2-45B1-B58A-F127767F57A9}"
EndProject
Project("{2150E333-8FDC-42A3-9474-1A3956D46DE8}") = "Subscriber", "Subscriber", "{5469D837-5CAA-4FDF-92AB-81A091A0D5EF}"
EndProject
Project("{2150E333-8FDC-42A3-9474-1A3956D46DE8}") = "Publisher", "Publisher", "{C504FFF9-5B03-4FD8-A3D9-29E834E53BE6}"
EndProject
Project("{8BB2217D-0F2D-49D1-97BC-3654ED321F3B}") = "ConsoleServer", "ConsoleServer\Publisher\ConsoleServer.xproj", "{CB1E2470-4F3E-43F5-8C1B-B48A1F176D4F}"
EndProject
Project("{8BB2217D-0F2D-49D1-97BC-3654ED321F3B}") = "ConsoleClient", "ConsoleClient\Subscriber\ConsoleClient.xproj", "{1AEBD6AA-BD13-400B-AE2A-55B4A963E7D8}"
EndProject
Project("{2150E333-8FDC-42A3-9474-1A3956D46DE8}") = "IOTHubConnection", "IOTHubConnection", "{27BE8B97-8DC0-4553-AAA7-8DF7EC56945B}"
EndProject
Project("{2150E333-8FDC-42A3-9474-1A3956D46DE8}") = "IotTest", "IotTest", "{AB8299FA-048E-42D3-A697-F5F8A9AA3CA3}"
EndProject
Project("{8BB2217D-0F2D-49D1-97BC-3654ED321F3B}") = "IoTApi", "D:\Semester7Seven\XmlRpcConnector\IoTApi\IoTApi.xproj", "{13795978-B533-407E-B423-C74B056DBCC7}"
EndProject
Project("{8BB2217D-0F2D-49D1-97BC-3654ED321F3B}") = "IotConsoleServer", "IotConsoleServer\IotConsoleServer.xproj", "{11906CD6-E13B-4F7A-84C4-62E8D987FD54}"
EndProject
Project("{8BB2217D-0F2D-49D1-97BC-3654ED321F3B}") = "IotConsoleSubscriber", "IotConsoleSubscriber\IotConsoleSubscriber.xproj", "{A91D3FCF-12E9-4B23-B214-F0B4F9888D6C}"
EndProject
Project("{8BB2217D-0F2D-49D1-97BC-3654ED321F3B}") = "ConnectIotHub", "ConnectIotHub\ConnectIotHub.xproj", "{6CF8A974-1306-43E8-A06E-84DC733AE391}"
EndProject
Project("{2150E333-8FDC-42A3-9474-1A3956D46DE8}") = "TestIotApi", "TestIotApi", "{EFE87564-C8E0-4B89-B0D0-94208B01A548}"
EndProject
Project("{8BB2217D-0F2D-49D1-97BC-3654ED321F3B}") = "PublishMesssage", "PublishMesssage\PublishMesssage.xproj", "{78308637-C7DE-47D8-8A2D-D54408072797}"
EndProject
Project("{8BB2217D-0F2D-49D1-97BC-3654ED321F3B}") = "SubscribeMessage", "SubscribeMessage\SubscribeMessage.xproj", "{783C3722-5349-4100-B59C-D862F7DB170E}"
EndProject
Project("{2150E333-8FDC-42A3-9474-1A3956D46DE8}") = "HubMqtt", "HubMqtt", "{D3827D6E-A339-4608-9050-C8C91C832EB6}"
EndProject
Project("{8BB2217D-0F2D-49D1-97BC-3654ED321F3B}") = "SendMessage", "SendMessage\SendMessage.xproj", "{0FE8D0EB-C636-441E-B7BF-A846A249689D}"
EndProject
Project("{8BB2217D-0F2D-49D1-97BC-3654ED321F3B}") = "ReceiveMessage", "ReceiveMessage\ReceiveMessage.xproj", "{14EC4EAE-C3B3-446B-BBDE-56779465C6EA}"
EndProject
Global
	GlobalSection(SolutionConfigurationPlatforms) = preSolution
		Debug|Any CPU = Debug|Any CPU
		Release|Any CPU = Release|Any CPU
	EndGlobalSection
	GlobalSection(ProjectConfigurationPlatforms) = postSolution
		{69E006EB-1DB9-4BC5-83BD-2572E63BCB16}.Debug|Any CPU.ActiveCfg = Debug|Any CPU
		{69E006EB-1DB9-4BC5-83BD-2572E63BCB16}.Debug|Any CPU.Build.0 = Debug|Any CPU
		{69E006EB-1DB9-4BC5-83BD-2572E63BCB16}.Release|Any CPU.ActiveCfg = Release|Any CPU
		{69E006EB-1DB9-4BC5-83BD-2572E63BCB16}.Release|Any CPU.Build.0 = Release|Any CPU
		{CB1E2470-4F3E-43F5-8C1B-B48A1F176D4F}.Debug|Any CPU.ActiveCfg = Debug|Any CPU
		{CB1E2470-4F3E-43F5-8C1B-B48A1F176D4F}.Debug|Any CPU.Build.0 = Debug|Any CPU
		{CB1E2470-4F3E-43F5-8C1B-B48A1F176D4F}.Release|Any CPU.ActiveCfg = Release|Any CPU
		{CB1E2470-4F3E-43F5-8C1B-B48A1F176D4F}.Release|Any CPU.Build.0 = Release|Any CPU
		{1AEBD6AA-BD13-400B-AE2A-55B4A963E7D8}.Debug|Any CPU.ActiveCfg = Debug|Any CPU
		{1AEBD6AA-BD13-400B-AE2A-55B4A963E7D8}.Debug|Any CPU.Build.0 = Debug|Any CPU
		{1AEBD6AA-BD13-400B-AE2A-55B4A963E7D8}.Release|Any CPU.ActiveCfg = Release|Any CPU
		{1AEBD6AA-BD13-400B-AE2A-55B4A963E7D8}.Release|Any CPU.Build.0 = Release|Any CPU
		{13795978-B533-407E-B423-C74B056DBCC7}.Debug|Any CPU.ActiveCfg = Debug|Any CPU
		{13795978-B533-407E-B423-C74B056DBCC7}.Debug|Any CPU.Build.0 = Debug|Any CPU
		{13795978-B533-407E-B423-C74B056DBCC7}.Release|Any CPU.ActiveCfg = Release|Any CPU
		{13795978-B533-407E-B423-C74B056DBCC7}.Release|Any CPU.Build.0 = Release|Any CPU
		{11906CD6-E13B-4F7A-84C4-62E8D987FD54}.Debug|Any CPU.ActiveCfg = Debug|Any CPU
		{11906CD6-E13B-4F7A-84C4-62E8D987FD54}.Debug|Any CPU.Build.0 = Debug|Any CPU
		{11906CD6-E13B-4F7A-84C4-62E8D987FD54}.Release|Any CPU.ActiveCfg = Release|Any CPU
		{11906CD6-E13B-4F7A-84C4-62E8D987FD54}.Release|Any CPU.Build.0 = Release|Any CPU
		{A91D3FCF-12E9-4B23-B214-F0B4F9888D6C}.Debug|Any CPU.ActiveCfg = Debug|Any CPU
		{A91D3FCF-12E9-4B23-B214-F0B4F9888D6C}.Debug|Any CPU.Build.0 = Debug|Any CPU
		{A91D3FCF-12E9-4B23-B214-F0B4F9888D6C}.Release|Any CPU.ActiveCfg = Release|Any CPU
		{A91D3FCF-12E9-4B23-B214-F0B4F9888D6C}.Release|Any CPU.Build.0 = Release|Any CPU
		{6CF8A974-1306-43E8-A06E-84DC733AE391}.Debug|Any CPU.ActiveCfg = Debug|Any CPU
		{6CF8A974-1306-43E8-A06E-84DC733AE391}.Debug|Any CPU.Build.0 = Debug|Any CPU
		{6CF8A974-1306-43E8-A06E-84DC733AE391}.Release|Any CPU.ActiveCfg = Release|Any CPU
		{6CF8A974-1306-43E8-A06E-84DC733AE391}.Release|Any CPU.Build.0 = Release|Any CPU
		{78308637-C7DE-47D8-8A2D-D54408072797}.Debug|Any CPU.ActiveCfg = Debug|Any CPU
		{78308637-C7DE-47D8-8A2D-D54408072797}.Debug|Any CPU.Build.0 = Debug|Any CPU
		{78308637-C7DE-47D8-8A2D-D54408072797}.Release|Any CPU.ActiveCfg = Release|Any CPU
		{78308637-C7DE-47D8-8A2D-D54408072797}.Release|Any CPU.Build.0 = Release|Any CPU
		{783C3722-5349-4100-B59C-D862F7DB170E}.Debug|Any CPU.ActiveCfg = Debug|Any CPU
		{783C3722-5349-4100-B59C-D862F7DB170E}.Debug|Any CPU.Build.0 = Debug|Any CPU
		{783C3722-5349-4100-B59C-D862F7DB170E}.Release|Any CPU.ActiveCfg = Release|Any CPU
		{783C3722-5349-4100-B59C-D862F7DB170E}.Release|Any CPU.Build.0 = Release|Any CPU
		{0FE8D0EB-C636-441E-B7BF-A846A249689D}.Debug|Any CPU.ActiveCfg = Debug|Any CPU
		{0FE8D0EB-C636-441E-B7BF-A846A249689D}.Debug|Any CPU.Build.0 = Debug|Any CPU
		{0FE8D0EB-C636-441E-B7BF-A846A249689D}.Release|Any CPU.ActiveCfg = Release|Any CPU
		{0FE8D0EB-C636-441E-B7BF-A846A249689D}.Release|Any CPU.Build.0 = Release|Any CPU
		{14EC4EAE-C3B3-446B-BBDE-56779465C6EA}.Debug|Any CPU.ActiveCfg = Debug|Any CPU
		{14EC4EAE-C3B3-446B-BBDE-56779465C6EA}.Debug|Any CPU.Build.0 = Debug|Any CPU
		{14EC4EAE-C3B3-446B-BBDE-56779465C6EA}.Release|Any CPU.ActiveCfg = Release|Any CPU
		{14EC4EAE-C3B3-446B-BBDE-56779465C6EA}.Release|Any CPU.Build.0 = Release|Any CPU
	EndGlobalSection
	GlobalSection(SolutionProperties) = preSolution
		HideSolutionNode = FALSE
	EndGlobalSection
	GlobalSection(NestedProjects) = preSolution
		{69E006EB-1DB9-4BC5-83BD-2572E63BCB16} = {736020D2-39F6-4FF4-837D-85AB7CF851AF}
		{5469D837-5CAA-4FDF-92AB-81A091A0D5EF} = {A509AFC9-41D2-45B1-B58A-F127767F57A9}
		{C504FFF9-5B03-4FD8-A3D9-29E834E53BE6} = {A509AFC9-41D2-45B1-B58A-F127767F57A9}
		{CB1E2470-4F3E-43F5-8C1B-B48A1F176D4F} = {C504FFF9-5B03-4FD8-A3D9-29E834E53BE6}
		{1AEBD6AA-BD13-400B-AE2A-55B4A963E7D8} = {5469D837-5CAA-4FDF-92AB-81A091A0D5EF}
		{13795978-B533-407E-B423-C74B056DBCC7} = {AB8299FA-048E-42D3-A697-F5F8A9AA3CA3}
		{11906CD6-E13B-4F7A-84C4-62E8D987FD54} = {AB8299FA-048E-42D3-A697-F5F8A9AA3CA3}
		{A91D3FCF-12E9-4B23-B214-F0B4F9888D6C} = {AB8299FA-048E-42D3-A697-F5F8A9AA3CA3}
		{6CF8A974-1306-43E8-A06E-84DC733AE391} = {27BE8B97-8DC0-4553-AAA7-8DF7EC56945B}
		{78308637-C7DE-47D8-8A2D-D54408072797} = {EFE87564-C8E0-4B89-B0D0-94208B01A548}
		{783C3722-5349-4100-B59C-D862F7DB170E} = {EFE87564-C8E0-4B89-B0D0-94208B01A548}
		{0FE8D0EB-C636-441E-B7BF-A846A249689D} = {D3827D6E-A339-4608-9050-C8C91C832EB6}
		{14EC4EAE-C3B3-446B-BBDE-56779465C6EA} = {D3827D6E-A339-4608-9050-C8C91C832EB6}
	EndGlobalSection
EndGlobal
